# Frozen prefix of services.registry. Editing this file is a reviewed protocol change.
1 Empty
2 Register
3 Registered
4 Login
5 Session
6 VerifyToken
7 Verified
8 Ban
9 SetMaintenance
10 RegisterCell
11 ListCharacters
12 Characters
13 CreateCharacter
14 Created
15 SelectCharacter
16 Placement
17 CreateInstance
18 InstanceCell
19 IssueTransfer
20 TransferToken
21 Redeem
22 Redeemed
23 Publish
24 Present
25 PollSocial
26 SocialUpdates
27 CreateGuild
28 Guild
29 JoinGuild
30 PushOutcomes
31 Durable
32 LedgerOf
33 LedgerRows
34 Enqueue
35 PollMatch
36 Match
37 PollLive
38 LiveChanges
39 Inspect
40 CellSummary
